
Microsoft Visual Studio Solution File, Format Version 12.00
# Visual Studio 15
VisualStudioVersion = 15.0.28307.168
MinimumVisualStudioVersion = 10.0.40219.1
Project("{FAE04EC0-301F-11D3-BF4B-00C04F79EFBC}") = "Messaia.Net.PostgreSQL.BulkExtensions", "Messaia.Net.PostgreSQL.BulkExtensions\Messaia.Net.PostgreSQL.BulkExtensions.csproj", "{2753CA1E-2F0C-4CA5-9DEB-D28EEE545F6A}"
EndProject
Global
	GlobalSection(SolutionConfigurationPlatforms) = preSolution
		Debug|Any CPU = Debug|Any CPU
		Release|Any CPU = Release|Any CPU
	EndGlobalSection
	GlobalSection(ProjectConfigurationPlatforms) = postSolution
		{2753CA1E-2F0C-4CA5-9DEB-D28EEE545F6A}.Debug|Any CPU.ActiveCfg = Debug|Any CPU
		{2753CA1E-2F0C-4CA5-9DEB-D28EEE545F6A}.Debug|Any CPU.Build.0 = Debug|Any CPU
		{2753CA1E-2F0C-4CA5-9DEB-D28EEE545F6A}.Release|Any CPU.ActiveCfg = Release|Any CPU
		{2753CA1E-2F0C-4CA5-9DEB-D28EEE545F6A}.Release|Any CPU.Build.0 = Release|Any CPU
	EndGlobalSection
	GlobalSection(SolutionProperties) = preSolution
		HideSolutionNode = FALSE
	EndGlobalSection
	GlobalSection(ExtensibilityGlobals) = postSolution
		SolutionGuid = {CC2601B6-D1E9-4D8E-B643-FA9324C4D3C8}
	EndGlobalSection
EndGlobal
